
Microsoft Visual Studio Solution File, Format Version 12.00
# Visual Studio Version 16
VisualStudioVersion = 16.0.29911.84
MinimumVisualStudioVersion = 10.0.40219.1
Project("{FAE04EC0-301F-11D3-BF4B-00C04F79EFBC}") = "WF12", "WF12.csproj", "{033BBF0F-6E24-40FF-89F4-54300407C7C5}"
EndProject
Global
	GlobalSection(SolutionConfigurationPlatforms) = preSolution
		Debug|Any CPU = Debug|Any CPU
		Release|Any CPU = Release|Any CPU
	EndGlobalSection
	GlobalSection(ProjectConfigurationPlatforms) = postSolution
		{033BBF0F-6E24-40FF-89F4-54300407C7C5}.Debug|Any CPU.ActiveCfg = Debug|Any CPU
		{033BBF0F-6E24-40FF-89F4-54300407C7C5}.Debug|Any CPU.Build.0 = Debug|Any CPU
		{033BBF0F-6E24-40FF-89F4-54300407C7C5}.Release|Any CPU.ActiveCfg = Release|Any CPU
		{033BBF0F-6E24-40FF-89F4-54300407C7C5}.Release|Any CPU.Build.0 = Release|Any CPU
	EndGlobalSection
	GlobalSection(SolutionProperties) = preSolution
		HideSolutionNode = FALSE
	EndGlobalSection
	GlobalSection(ExtensibilityGlobals) = postSolution
		SolutionGuid = {7AF4352D-B5BD-4727-8FC5-9DD4C1EF15DC}
	EndGlobalSection
EndGlobal
